// !$*UTF8*$!
{
	archiveVersion = 1;
	classes = {
	};
	objectVersion = 46;
	objects = {

/* Begin PBXBuildFile section */
		C6233BBD1AEA2D7E00771C3E /* AppDelegate.swift in Sources */ = {isa = PBXBuildFile; fileRef = C6233BBC1AEA2D7E00771C3E /* AppDelegate.swift */; };
		C6233BBF1AEA2D7E00771C3E /* ViewController.swift in Sources */ = {isa = PBXBuildFile; fileRef = C6233BBE1AEA2D7E00771C3E /* ViewController.swift */; };
		C6233BC21AEA2D7E00771C3E /* Main.storyboard in Resources */ = {isa = PBXBuildFile; fileRef = C6233BC01AEA2D7E00771C3E /* Main.storyboard */; };
		C6233BC41AEA2D7E00771C3E /* Images.xcassets in Resources */ = {isa = PBXBuildFile; fileRef = C6233BC31AEA2D7E00771C3E /* Images.xcassets */; };
		C6233BC71AEA2D7E00771C3E /* LaunchScreen.xib in Resources */ = {isa = PBXBuildFile; fileRef = C6233BC51AEA2D7E00771C3E /* LaunchScreen.xib */; };
		C6233BD31AEA2D7E00771C3E /* ImageViewerTests.swift in Sources */ = {isa = PBXBuildFile; fileRef = C6233BD21AEA2D7E00771C3E /* ImageViewerTests.swift */; };
		C634750D1AF4F4B100227AB9 /* Haneke.framework in Frameworks */ = {isa = PBXBuildFile; fileRef = C634750C1AF4F4B100227AB9 /* Haneke.framework */; };
		C63475121AF4FC8800227AB9 /* swift-og.png in Resources */ = {isa = PBXBuildFile; fileRef = C63475111AF4FC8800227AB9 /* swift-og.png */; };
		C65362D21AF261F100F1B933 /* UIImageView+ImageViewer.swift in Sources */ = {isa = PBXBuildFile; fileRef = C65362D11AF261F100F1B933 /* UIImageView+ImageViewer.swift */; };
		C65362D41AF2620600F1B933 /* ImageViewer.swift in Sources */ = {isa = PBXBuildFile; fileRef = C65362D31AF2620600F1B933 /* ImageViewer.swift */; };
		C65362D61AF267DD00F1B933 /* ImageViewerTapGestureRecognizer.swift in Sources */ = {isa = PBXBuildFile; fileRef = C65362D51AF267DD00F1B933 /* ImageViewerTapGestureRecognizer.swift */; };
/* End PBXBuildFile section */

/* Begin PBXContainerItemProxy section */
		C6233BCD1AEA2D7E00771C3E /* PBXContainerItemProxy */ = {
			isa = PBXContainerItemProxy;
			containerPortal = C6233BAF1AEA2D7E00771C3E /* Project object */;
			proxyType = 1;
			remoteGlobalIDString = C6233BB61AEA2D7E00771C3E;
			remoteInfo = ImageViewer;
		};
/* End PBXContainerItemProxy section */

/* Begin PBXFileReference section */
		C6233BB71AEA2D7E00771C3E /* ImageViewer.app */ = {isa = PBXFileReference; explicitFileType = wrapper.application; includeInIndex = 0; path = ImageViewer.app; sourceTree = BUILT_PRODUCTS_DIR; };
		C6233BBB1AEA2D7E00771C3E /* Info.plist */ = {isa = PBXFileReference; lastKnownFileType = text.plist.xml; path = Info.plist; sourceTree = "<group>"; };
		C6233BBC1AEA2D7E00771C3E /* AppDelegate.swift */ = {isa = PBXFileReference; lastKnownFileType = sourcecode.swift; path = AppDelegate.swift; sourceTree = "<group>"; };
		C6233BBE1AEA2D7E00771C3E /* ViewController.swift */ = {isa = PBXFileReference; lastKnownFileType = sourcecode.swift; path = ViewController.swift; sourceTree = "<group>"; };
		C6233BC11AEA2D7E00771C3E /* Base */ = {isa = PBXFileReference; lastKnownFileType = file.storyboard; name = Base; path = Base.lproj/Main.storyboard; sourceTree = "<group>"; };
		C6233BC31AEA2D7E00771C3E /* Images.xcassets */ = {isa = PBXFileReference; lastKnownFileType = folder.assetcatalog; path = Images.xcassets; sourceTree = "<group>"; };
		C6233BC61AEA2D7E00771C3E /* Base */ = {isa = PBXFileReference; lastKnownFileType = file.xib; name = Base; path = Base.lproj/LaunchScreen.xib; sourceTree = "<group>"; };
		C6233BCC1AEA2D7E00771C3E /* ImageViewerTests.xctest */ = {isa = PBXFileReference; explicitFileType = wrapper.cfbundle; includeInIndex = 0; path = ImageViewerTests.xctest; sourceTree = BUILT_PRODUCTS_DIR; };
		C6233BD11AEA2D7E00771C3E /* Info.plist */ = {isa = PBXFileReference; lastKnownFileType = text.plist.xml; path = Info.plist; sourceTree = "<group>"; };
		C6233BD21AEA2D7E00771C3E /* ImageViewerTests.swift */ = {isa = PBXFileReference; lastKnownFileType = sourcecode.swift; path = ImageViewerTests.swift; sourceTree = "<group>"; };
		C634750C1AF4F4B100227AB9 /* Haneke.framework */ = {isa = PBXFileReference; lastKnownFileType = wrapper.framework; name = Haneke.framework; path = Carthage/Build/iOS/Haneke.framework; sourceTree = "<group>"; };
		C63475111AF4FC8800227AB9 /* swift-og.png */ = {isa = PBXFileReference; lastKnownFileType = image.png; path = "swift-og.png"; sourceTree = "<group>"; };
		C65362D11AF261F100F1B933 /* UIImageView+ImageViewer.swift */ = {isa = PBXFileReference; fileEncoding = 4; lastKnownFileType = sourcecode.swift; path = "UIImageView+ImageViewer.swift"; sourceTree = "<group>"; };
		C65362D31AF2620600F1B933 /* ImageViewer.swift */ = {isa = PBXFileReference; fileEncoding = 4; lastKnownFileType = sourcecode.swift; path = ImageViewer.swift; sourceTree = "<group>"; };
		C65362D51AF267DD00F1B933 /* ImageViewerTapGestureRecognizer.swift */ = {isa = PBXFileReference; fileEncoding = 4; lastKnownFileType = sourcecode.swift; path = ImageViewerTapGestureRecognizer.swift; sourceTree = "<group>"; };
/* End PBXFileReference section */

/* Begin PBXFrameworksBuildPhase section */
		C6233BB41AEA2D7E00771C3E /* Frameworks */ = {
			isa = PBXFrameworksBuildPhase;
			buildActionMask = 2147483647;
			files = (
				C634750D1AF4F4B100227AB9 /* Haneke.framework in Frameworks */,
			);
			runOnlyForDeploymentPostprocessing = 0;
		};
		C6233BC91AEA2D7E00771C3E /* Frameworks */ = {
			isa = PBXFrameworksBuildPhase;
			buildActionMask = 2147483647;
			files = (
			);
			runOnlyForDeploymentPostprocessing = 0;
		};
/* End PBXFrameworksBuildPhase section */

/* Begin PBXGroup section */
		C6233BAE1AEA2D7E00771C3E = {
			isa = PBXGroup;
			children = (
				C634750C1AF4F4B100227AB9 /* Haneke.framework */,
				C6233BB91AEA2D7E00771C3E /* ImageViewer */,
				C6233BCF1AEA2D7E00771C3E /* ImageViewerTests */,
				C6233BB81AEA2D7E00771C3E /* Products */,
			);
			sourceTree = "<group>";
		};
		C6233BB81AEA2D7E00771C3E /* Products */ = {
			isa = PBXGroup;
			children = (
				C6233BB71AEA2D7E00771C3E /* ImageViewer.app */,
				C6233BCC1AEA2D7E00771C3E /* ImageViewerTests.xctest */,
			);
			name = Products;
			sourceTree = "<group>";
		};
		C6233BB91AEA2D7E00771C3E /* ImageViewer */ = {
			isa = PBXGroup;
			children = (
				C6233BBC1AEA2D7E00771C3E /* AppDelegate.swift */,
				C6233BBE1AEA2D7E00771C3E /* ViewController.swift */,
				C6233BC01AEA2D7E00771C3E /* Main.storyboard */,
				C6233BC31AEA2D7E00771C3E /* Images.xcassets */,
				C6233BC51AEA2D7E00771C3E /* LaunchScreen.xib */,
				C6233BBA1AEA2D7E00771C3E /* Supporting Files */,
				C65362D11AF261F100F1B933 /* UIImageView+ImageViewer.swift */,
				C65362D31AF2620600F1B933 /* ImageViewer.swift */,
				C65362D51AF267DD00F1B933 /* ImageViewerTapGestureRecognizer.swift */,
			);
			path = ImageViewer;
			sourceTree = "<group>";
		};
		C6233BBA1AEA2D7E00771C3E /* Supporting Files */ = {
			isa = PBXGroup;
			children = (
				C63475111AF4FC8800227AB9 /* swift-og.png */,
				C6233BBB1AEA2D7E00771C3E /* Info.plist */,
			);
			name = "Supporting Files";
			sourceTree = "<group>";
		};
		C6233BCF1AEA2D7E00771C3E /* ImageViewerTests */ = {
			isa = PBXGroup;
			children = (
				C6233BD21AEA2D7E00771C3E /* ImageViewerTests.swift */,
				C6233BD01AEA2D7E00771C3E /* Supporting Files */,
			);
			path = ImageViewerTests;
			sourceTree = "<group>";
		};
		C6233BD01AEA2D7E00771C3E /* Supporting Files */ = {
			isa = PBXGroup;
			children = (
				C6233BD11AEA2D7E00771C3E /* Info.plist */,
			);
			name = "Supporting Files";
			sourceTree = "<group>";
		};
/* End PBXGroup section */

/* Begin PBXNativeTarget section */
		C6233BB61AEA2D7E00771C3E /* ImageViewer */ = {
			isa = PBXNativeTarget;
			buildConfigurationList = C6233BD61AEA2D7E00771C3E /* Build configuration list for PBXNativeTarget "ImageViewer" */;
			buildPhases = (
				C6233BB31AEA2D7E00771C3E /* Sources */,
				C6233BB41AEA2D7E00771C3E /* Frameworks */,
				C6233BB51AEA2D7E00771C3E /* Resources */,
				C634750E1AF4F4C600227AB9 /* ShellScript */,
			);
			buildRules = (
			);
			dependencies = (
			);
			name = ImageViewer;
			productName = ImageViewer;
			productReference = C6233BB71AEA2D7E00771C3E /* ImageViewer.app */;
			productType = "com.apple.product-type.application";
		};
		C6233BCB1AEA2D7E00771C3E /* ImageViewerTests */ = {
			isa = PBXNativeTarget;
			buildConfigurationList = C6233BD91AEA2D7E00771C3E /* Build configuration list for PBXNativeTarget "ImageViewerTests" */;
			buildPhases = (
				C6233BC81AEA2D7E00771C3E /* Sources */,
				C6233BC91AEA2D7E00771C3E /* Frameworks */,
				C6233BCA1AEA2D7E00771C3E /* Resources */,
			);
			buildRules = (
			);
			dependencies = (
				C6233BCE1AEA2D7E00771C3E /* PBXTargetDependency */,
			);
			name = ImageViewerTests;
			productName = ImageViewerTests;
			productReference = C6233BCC1AEA2D7E00771C3E /* ImageViewerTests.xctest */;
			productType = "com.apple.product-type.bundle.unit-test";
		};
/* End PBXNativeTarget section */

/* Begin PBXProject section */
		C6233BAF1AEA2D7E00771C3E /* Project object */ = {
			isa = PBXProject;
			attributes = {
				LastUpgradeCheck = 0630;
				ORGANIZATIONNAME = "Tan Nghia La";
				TargetAttributes = {
					C6233BB61AEA2D7E00771C3E = {
						CreatedOnToolsVersion = 6.3.1;
					};
					C6233BCB1AEA2D7E00771C3E = {
						CreatedOnToolsVersion = 6.3.1;
						TestTargetID = C6233BB61AEA2D7E00771C3E;
					};
				};
			};
			buildConfigurationList = C6233BB21AEA2D7E00771C3E /* Build configuration list for PBXProject "ImageViewer" */;
			compatibilityVersion = "Xcode 3.2";
			developmentRegion = English;
			hasScannedForEncodings = 0;
			knownRegions = (
				en,
				Base,
			);
			mainGroup = C6233BAE1AEA2D7E00771C3E;
			productRefGroup = C6233BB81AEA2D7E00771C3E /* Products */;
			projectDirPath = "";
			projectRoot = "";
			targets = (
				C6233BB61AEA2D7E00771C3E /* ImageViewer */,
				C6233BCB1AEA2D7E00771C3E /* ImageViewerTests */,
			);
		};
/* End PBXProject section */

/* Begin PBXResourcesBuildPhase section */
		C6233BB51AEA2D7E00771C3E /* Resources */ = {
			isa = PBXResourcesBuildPhase;
			buildActionMask = 2147483647;
			files = (
				C6233BC21AEA2D7E00771C3E /* Main.storyboard in Resources */,
				C6233BC71AEA2D7E00771C3E /* LaunchScreen.xib in Resources */,
				C6233BC41AEA2D7E00771C3E /* Images.xcassets in Resources */,
				C63475121AF4FC8800227AB9 /* swift-og.png in Resources */,
			);
			runOnlyForDeploymentPostprocessing = 0;
		};
		C6233BCA1AEA2D7E00771C3E /* Resources */ = {
			isa = PBXResourcesBuildPhase;
			buildActionMask = 2147483647;
			files = (
			);
			runOnlyForDeploymentPostprocessing = 0;
		};
/* End PBXResourcesBuildPhase section */

/* Begin PBXShellScriptBuildPhase section */
		C634750E1AF4F4C600227AB9 /* ShellScript */ = {
			isa = PBXShellScriptBuildPhase;
			buildActionMask = 2147483647;
			files = (
			);
			inputPaths = (
				"$(SRCROOT)/Carthage/Build/iOS/Haneke.framework",
			);
			outputPaths = (
			);
			runOnlyForDeploymentPostprocessing = 0;
			shellPath = /bin/sh;
			shellScript = "/usr/local/bin/carthage copy-frameworks";
		};
/* End PBXShellScriptBuildPhase section */

/* Begin PBXSourcesBuildPhase section */
		C6233BB31AEA2D7E00771C3E /* Sources */ = {
			isa = PBXSourcesBuildPhase;
			buildActionMask = 2147483647;
			files = (
				C6233BBF1AEA2D7E00771C3E /* ViewController.swift in Sources */,
				C65362D41AF2620600F1B933 /* ImageViewer.swift in Sources */,
				C6233BBD1AEA2D7E00771C3E /* AppDelegate.swift in Sources */,
				C65362D21AF261F100F1B933 /* UIImageView+ImageViewer.swift in Sources */,
				C65362D61AF267DD00F1B933 /* ImageViewerTapGestureRecognizer.swift in Sources */,
			);
			runOnlyForDeploymentPostprocessing = 0;
		};
		C6233BC81AEA2D7E00771C3E /* Sources */ = {
			isa = PBXSourcesBuildPhase;
			buildActionMask = 2147483647;
			files = (
				C6233BD31AEA2D7E00771C3E /* ImageViewerTests.swift in Sources */,
			);
			runOnlyForDeploymentPostprocessing = 0;
		};
/* End PBXSourcesBuildPhase section */

/* Begin PBXTargetDependency section */
		C6233BCE1AEA2D7E00771C3E /* PBXTargetDependency */ = {
			isa = PBXTargetDependency;
			target = C6233BB61AEA2D7E00771C3E /* ImageViewer */;
			targetProxy = C6233BCD1AEA2D7E00771C3E /* PBXContainerItemProxy */;
		};
/* End PBXTargetDependency section */

/* Begin PBXVariantGroup section */
		C6233BC01AEA2D7E00771C3E /* Main.storyboard */ = {
			isa = PBXVariantGroup;
			children = (
				C6233BC11AEA2D7E00771C3E /* Base */,
			);
			name = Main.storyboard;
			sourceTree = "<group>";
		};
		C6233BC51AEA2D7E00771C3E /* LaunchScreen.xib */ = {
			isa = PBXVariantGroup;
			children = (
				C6233BC61AEA2D7E00771C3E /* Base */,
			);
			name = LaunchScreen.xib;
			sourceTree = "<group>";
		};
/* End PBXVariantGroup section */

/* Begin XCBuildConfiguration section */
		C6233BD41AEA2D7E00771C3E /* Debug */ = {
			isa = XCBuildConfiguration;
			buildSettings = {
				ALWAYS_SEARCH_USER_PATHS = NO;
				CLANG_CXX_LANGUAGE_STANDARD = "gnu++0x";
				CLANG_CXX_LIBRARY = "libc++";
				CLANG_ENABLE_MODULES = YES;
				CLANG_ENABLE_OBJC_ARC = YES;
				CLANG_WARN_BOOL_CONVERSION = YES;
				CLANG_WARN_CONSTANT_CONVERSION = YES;
				CLANG_WARN_DIRECT_OBJC_ISA_USAGE = YES_ERROR;
				CLANG_WARN_EMPTY_BODY = YES;
				CLANG_WARN_ENUM_CONVERSION = YES;
				CLANG_WARN_INT_CONVERSION = YES;
				CLANG_WARN_OBJC_ROOT_CLASS = YES_ERROR;
				CLANG_WARN_UNREACHABLE_CODE = YES;
				CLANG_WARN__DUPLICATE_METHOD_MATCH = YES;
				"CODE_SIGN_IDENTITY[sdk=iphoneos*]" = "iPhone Developer";
				COPY_PHASE_STRIP = NO;
				DEBUG_INFORMATION_FORMAT = "dwarf-with-dsym";
				ENABLE_STRICT_OBJC_MSGSEND = YES;
				GCC_C_LANGUAGE_STANDARD = gnu99;
				GCC_DYNAMIC_NO_PIC = NO;
				GCC_NO_COMMON_BLOCKS = YES;
				GCC_OPTIMIZATION_LEVEL = 0;
				GCC_PREPROCESSOR_DEFINITIONS = (
					"DEBUG=1",
					"$(inherited)",
				);
				GCC_SYMBOLS_PRIVATE_EXTERN = NO;
				GCC_WARN_64_TO_32_BIT_CONVERSION = YES;
				GCC_WARN_ABOUT_RETURN_TYPE = YES_ERROR;
				GCC_WARN_UNDECLARED_SELECTOR = YES;
				GCC_WARN_UNINITIALIZED_AUTOS = YES_AGGRESSIVE;
				GCC_WARN_UNUSED_FUNCTION = YES;
				GCC_WARN_UNUSED_VARIABLE = YES;
				IPHONEOS_DEPLOYMENT_TARGET = 8.3;
				MTL_ENABLE_DEBUG_INFO = YES;
				ONLY_ACTIVE_ARCH = YES;
				SDKROOT = iphoneos;
				SWIFT_OPTIMIZATION_LEVEL = "-Onone";
			};
			name = Debug;
		};
		C6233BD51AEA2D7E00771C3E /* Release */ = {
			isa = XCBuildConfiguration;
			buildSettings = {
				ALWAYS_SEARCH_USER_PATHS = NO;
				CLANG_CXX_LANGUAGE_STANDARD = "gnu++0x";
				CLANG_CXX_LIBRARY = "libc++";
				CLANG_ENABLE_MODULES = YES;
				CLANG_ENABLE_OBJC_ARC = YES;
				CLANG_WARN_BOOL_CONVERSION = YES;
				CLANG_WARN_CONSTANT_CONVERSION = YES;
				CLANG_WARN_DIRECT_OBJC_ISA_USAGE = YES_ERROR;
				CLANG_WARN_EMPTY_BODY = YES;
				CLANG_WARN_ENUM_CONVERSION = YES;
				CLANG_WARN_INT_CONVERSION = YES;
				CLANG_WARN_OBJC_ROOT_CLASS = YES_ERROR;
				CLANG_WARN_UNREACHABLE_CODE = YES;
				CLANG_WARN__DUPLICATE_METHOD_MATCH = YES;
				"CODE_SIGN_IDENTITY[sdk=iphoneos*]" = "iPhone Developer";
				COPY_PHASE_STRIP = NO;
				DEBUG_INFORMATION_FORMAT = "dwarf-with-dsym";
				ENABLE_NS_ASSERTIONS = NO;
				ENABLE_STRICT_OBJC_MSGSEND = YES;
				GCC_C_LANGUAGE_STANDARD = gnu99;
				GCC_NO_COMMON_BLOCKS = YES;
				GCC_WARN_64_TO_32_BIT_CONVERSION = YES;
				GCC_WARN_ABOUT_RETURN_TYPE = YES_ERROR;
				GCC_WARN_UNDECLARED_SELECTOR = YES;
				GCC_WARN_UNINITIALIZED_AUTOS = YES_AGGRESSIVE;
				GCC_WARN_UNUSED_FUNCTION = YES;
				GCC_WARN_UNUSED_VARIABLE = YES;
				IPHONEOS_DEPLOYMENT_TARGET = 8.3;
				MTL_ENABLE_DEBUG_INFO = NO;
				SDKROOT = iphoneos;
				VALIDATE_PRODUCT = YES;
			};
			name = Release;
		};
		C6233BD71AEA2D7E00771C3E /* Debug */ = {
			isa = XCBuildConfiguration;
			buildSettings = {
				ASSETCATALOG_COMPILER_APPICON_NAME = AppIcon;
				FRAMEWORK_SEARCH_PATHS = (
					"$(inherited)",
					"$(PROJECT_DIR)/Carthage/Build/iOS",
				);
				INFOPLIST_FILE = ImageViewer/Info.plist;
				LD_RUNPATH_SEARCH_PATHS = "$(inherited) @executable_path/Frameworks";
				PRODUCT_NAME = "$(TARGET_NAME)";
			};
			name = Debug;
		};
		C6233BD81AEA2D7E00771C3E /* Release */ = {
			isa = XCBuildConfiguration;
			buildSettings = {
				ASSETCATALOG_COMPILER_APPICON_NAME = AppIcon;
				FRAMEWORK_SEARCH_PATHS = (
					"$(inherited)",
					"$(PROJECT_DIR)/Carthage/Build/iOS",
				);
				INFOPLIST_FILE = ImageViewer/Info.plist;
				LD_RUNPATH_SEARCH_PATHS = "$(inherited) @executable_path/Frameworks";
				PRODUCT_NAME = "$(TARGET_NAME)";
			};
			name = Release;
		};
		C6233BDA1AEA2D7E00771C3E /* Debug */ = {
			isa = XCBuildConfiguration;
			buildSettings = {
				BUNDLE_LOADER = "$(TEST_HOST)";
				FRAMEWORK_SEARCH_PATHS = (
					"$(SDKROOT)/Developer/Library/Frameworks",
					"$(inherited)",
				);
				GCC_PREPROCESSOR_DEFINITIONS = (
					"DEBUG=1",
					"$(inherited)",
				);
				INFOPLIST_FILE = ImageViewerTests/Info.plist;
				LD_RUNPATH_SEARCH_PATHS = "$(inherited) @executable_path/Frameworks @loader_path/Frameworks";
				PRODUCT_NAME = "$(TARGET_NAME)";
				TEST_HOST = "$(BUILT_PRODUCTS_DIR)/ImageViewer.app/ImageViewer";
			};
			name = Debug;
		};
		C6233BDB1AEA2D7E00771C3E /* Release */ = {
			isa = XCBuildConfiguration;
			buildSettings = {
				BUNDLE_LOADER = "$(TEST_HOST)";
				FRAMEWORK_SEARCH_PATHS = (
					"$(SDKROOT)/Developer/Library/Frameworks",
					"$(inherited)",
				);
				INFOPLIST_FILE = ImageViewerTests/Info.plist;
				LD_RUNPATH_SEARCH_PATHS = "$(inherited) @executable_path/Frameworks @loader_path/Frameworks";
				PRODUCT_NAME = "$(TARGET_NAME)";
				TEST_HOST = "$(BUILT_PRODUCTS_DIR)/ImageViewer.app/ImageViewer";
			};
			name = Release;
		};
/* End XCBuildConfiguration section */

/* Begin XCConfigurationList section */
		C6233BB21AEA2D7E00771C3E /* Build configuration list for PBXProject "ImageViewer" */ = {
			isa = XCConfigurationList;
			buildConfigurations = (
				C6233BD41AEA2D7E00771C3E /* Debug */,
				C6233BD51AEA2D7E00771C3E /* Release */,
			);
			defaultConfigurationIsVisible = 0;
			defaultConfigurationName = Release;
		};
		C6233BD61AEA2D7E00771C3E /* Build configuration list for PBXNativeTarget "ImageViewer" */ = {
			isa = XCConfigurationList;
			buildConfigurations = (
				C6233BD71AEA2D7E00771C3E /* Debug */,
				C6233BD81AEA2D7E00771C3E /* Release */,
			);
			defaultConfigurationIsVisible = 0;
			defaultConfigurationName = Release;
		};
		C6233BD91AEA2D7E00771C3E /* Build configuration list for PBXNativeTarget "ImageViewerTests" */ = {
			isa = XCConfigurationList;
			buildConfigurations = (
				C6233BDA1AEA2D7E00771C3E /* Debug */,
				C6233BDB1AEA2D7E00771C3E /* Release */,
			);
			defaultConfigurationIsVisible = 0;
			defaultConfigurationName = Release;
		};
/* End XCConfigurationList section */
	};
	rootObject = C6233BAF1AEA2D7E00771C3E /* Project object */;
}
